
Microsoft Visual Studio Solution File, Format Version 12.00
# Visual Studio 2012
Project("{FAE04EC0-301F-11D3-BF4B-00C04F79EFBC}") = "HeaderContentPageExample", "HeaderContentPageExample\HeaderContentPageExample.csproj", "{2CA667E1-C8BB-4300-BB2C-F882C9B46C82}"
EndProject
Project("{FAE04EC0-301F-11D3-BF4B-00C04F79EFBC}") = "HeaderContentPageExample.iOS", "iOS\HeaderContentPageExample.iOS.csproj", "{72396887-D913-4F9D-B88A-710C10243A6C}"
EndProject
Project("{FAE04EC0-301F-11D3-BF4B-00C04F79EFBC}") = "HeaderContentPageExample.Droid", "Droid\HeaderContentPageExample.Droid.csproj", "{BA0B5B98-8B54-4D23-AE7F-35DD3DA2F08C}"
EndProject
Project("{FAE04EC0-301F-11D3-BF4B-00C04F79EFBC}") = "HeaderContentPageExample.UITests", "UITests\HeaderContentPageExample.UITests.csproj", "{8AEBF182-287B-4EC4-8603-0CEF62C6CAF7}"
EndProject
Global
	GlobalSection(SolutionConfigurationPlatforms) = preSolution
		Debug|Any CPU = Debug|Any CPU
		Release|Any CPU = Release|Any CPU
		Debug|iPhoneSimulator = Debug|iPhoneSimulator
		Release|iPhone = Release|iPhone
		Release|iPhoneSimulator = Release|iPhoneSimulator
		Debug|iPhone = Debug|iPhone
	EndGlobalSection
	GlobalSection(ProjectConfigurationPlatforms) = postSolution
		{2CA667E1-C8BB-4300-BB2C-F882C9B46C82}.Debug|Any CPU.ActiveCfg = Debug|Any CPU
		{2CA667E1-C8BB-4300-BB2C-F882C9B46C82}.Debug|Any CPU.Build.0 = Debug|Any CPU
		{2CA667E1-C8BB-4300-BB2C-F882C9B46C82}.Debug|iPhone.ActiveCfg = Debug|Any CPU
		{2CA667E1-C8BB-4300-BB2C-F882C9B46C82}.Debug|iPhone.Build.0 = Debug|Any CPU
		{2CA667E1-C8BB-4300-BB2C-F882C9B46C82}.Debug|iPhoneSimulator.ActiveCfg = Debug|Any CPU
		{2CA667E1-C8BB-4300-BB2C-F882C9B46C82}.Debug|iPhoneSimulator.Build.0 = Debug|Any CPU
		{2CA667E1-C8BB-4300-BB2C-F882C9B46C82}.Release|Any CPU.ActiveCfg = Release|Any CPU
		{2CA667E1-C8BB-4300-BB2C-F882C9B46C82}.Release|Any CPU.Build.0 = Release|Any CPU
		{2CA667E1-C8BB-4300-BB2C-F882C9B46C82}.Release|iPhone.ActiveCfg = Release|Any CPU
		{2CA667E1-C8BB-4300-BB2C-F882C9B46C82}.Release|iPhone.Build.0 = Release|Any CPU
		{2CA667E1-C8BB-4300-BB2C-F882C9B46C82}.Release|iPhoneSimulator.ActiveCfg = Release|Any CPU
		{2CA667E1-C8BB-4300-BB2C-F882C9B46C82}.Release|iPhoneSimulator.Build.0 = Release|Any CPU
		{72396887-D913-4F9D-B88A-710C10243A6C}.Debug|Any CPU.ActiveCfg = Debug|iPhoneSimulator
		{72396887-D913-4F9D-B88A-710C10243A6C}.Debug|Any CPU.Build.0 = Debug|iPhoneSimulator
		{72396887-D913-4F9D-B88A-710C10243A6C}.Debug|iPhone.ActiveCfg = Debug|iPhone
		{72396887-D913-4F9D-B88A-710C10243A6C}.Debug|iPhone.Build.0 = Debug|iPhone
		{72396887-D913-4F9D-B88A-710C10243A6C}.Debug|iPhoneSimulator.ActiveCfg = Debug|iPhoneSimulator
		{72396887-D913-4F9D-B88A-710C10243A6C}.Debug|iPhoneSimulator.Build.0 = Debug|iPhoneSimulator
		{72396887-D913-4F9D-B88A-710C10243A6C}.Release|Any CPU.ActiveCfg = Release|iPhone
		{72396887-D913-4F9D-B88A-710C10243A6C}.Release|Any CPU.Build.0 = Release|iPhone
		{72396887-D913-4F9D-B88A-710C10243A6C}.Release|iPhone.ActiveCfg = Release|iPhone
		{72396887-D913-4F9D-B88A-710C10243A6C}.Release|iPhone.Build.0 = Release|iPhone
		{72396887-D913-4F9D-B88A-710C10243A6C}.Release|iPhoneSimulator.ActiveCfg = Release|iPhoneSimulator
		{72396887-D913-4F9D-B88A-710C10243A6C}.Release|iPhoneSimulator.Build.0 = Release|iPhoneSimulator
		{8AEBF182-287B-4EC4-8603-0CEF62C6CAF7}.Debug|Any CPU.ActiveCfg = Debug|Any CPU
		{8AEBF182-287B-4EC4-8603-0CEF62C6CAF7}.Debug|Any CPU.Build.0 = Debug|Any CPU
		{8AEBF182-287B-4EC4-8603-0CEF62C6CAF7}.Debug|iPhone.ActiveCfg = Debug|Any CPU
		{8AEBF182-287B-4EC4-8603-0CEF62C6CAF7}.Debug|iPhone.Build.0 = Debug|Any CPU
		{8AEBF182-287B-4EC4-8603-0CEF62C6CAF7}.Debug|iPhoneSimulator.ActiveCfg = Debug|Any CPU
		{8AEBF182-287B-4EC4-8603-0CEF62C6CAF7}.Debug|iPhoneSimulator.Build.0 = Debug|Any CPU
		{8AEBF182-287B-4EC4-8603-0CEF62C6CAF7}.Release|Any CPU.ActiveCfg = Release|Any CPU
		{8AEBF182-287B-4EC4-8603-0CEF62C6CAF7}.Release|Any CPU.Build.0 = Release|Any CPU
		{8AEBF182-287B-4EC4-8603-0CEF62C6CAF7}.Release|iPhone.ActiveCfg = Release|Any CPU
		{8AEBF182-287B-4EC4-8603-0CEF62C6CAF7}.Release|iPhone.Build.0 = Release|Any CPU
		{8AEBF182-287B-4EC4-8603-0CEF62C6CAF7}.Release|iPhoneSimulator.ActiveCfg = Release|Any CPU
		{8AEBF182-287B-4EC4-8603-0CEF62C6CAF7}.Release|iPhoneSimulator.Build.0 = Release|Any CPU
		{BA0B5B98-8B54-4D23-AE7F-35DD3DA2F08C}.Debug|Any CPU.ActiveCfg = Debug|Any CPU
		{BA0B5B98-8B54-4D23-AE7F-35DD3DA2F08C}.Debug|Any CPU.Build.0 = Debug|Any CPU
		{BA0B5B98-8B54-4D23-AE7F-35DD3DA2F08C}.Debug|iPhone.ActiveCfg = Debug|Any CPU
		{BA0B5B98-8B54-4D23-AE7F-35DD3DA2F08C}.Debug|iPhone.Build.0 = Debug|Any CPU
		{BA0B5B98-8B54-4D23-AE7F-35DD3DA2F08C}.Debug|iPhoneSimulator.ActiveCfg = Debug|Any CPU
		{BA0B5B98-8B54-4D23-AE7F-35DD3DA2F08C}.Debug|iPhoneSimulator.Build.0 = Debug|Any CPU
		{BA0B5B98-8B54-4D23-AE7F-35DD3DA2F08C}.Release|Any CPU.ActiveCfg = Release|Any CPU
		{BA0B5B98-8B54-4D23-AE7F-35DD3DA2F08C}.Release|Any CPU.Build.0 = Release|Any CPU
		{BA0B5B98-8B54-4D23-AE7F-35DD3DA2F08C}.Release|iPhone.ActiveCfg = Release|Any CPU
		{BA0B5B98-8B54-4D23-AE7F-35DD3DA2F08C}.Release|iPhone.Build.0 = Release|Any CPU
		{BA0B5B98-8B54-4D23-AE7F-35DD3DA2F08C}.Release|iPhoneSimulator.ActiveCfg = Release|Any CPU
		{BA0B5B98-8B54-4D23-AE7F-35DD3DA2F08C}.Release|iPhoneSimulator.Build.0 = Release|Any CPU
	EndGlobalSection
EndGlobal
